
Microsoft Visual Studio Solution File, Format Version 11.00
# Visual Studio 2010
Project("{8BC9CEB8-8B4A-11D0-8D11-00A0C91BC942}") = "MusicLibraryTools", "MusicLibraryTools.vcxproj", "{81F4A4BA-25D2-49E5-97D5-02F038EB1677}"
EndProject
Global
	GlobalSection(SolutionConfigurationPlatforms) = preSolution
		Debug|Win32 = Debug|Win32
		Release|Win32 = Release|Win32
	EndGlobalSection
	GlobalSection(ProjectConfigurationPlatforms) = postSolution
		{81F4A4BA-25D2-49E5-97D5-02F038EB1677}.Debug|Win32.ActiveCfg = Debug|Win32
		{81F4A4BA-25D2-49E5-97D5-02F038EB1677}.Debug|Win32.Build.0 = Debug|Win32
		{81F4A4BA-25D2-49E5-97D5-02F038EB1677}.Release|Win32.ActiveCfg = Release|Win32
		{81F4A4BA-25D2-49E5-97D5-02F038EB1677}.Release|Win32.Build.0 = Release|Win32
	EndGlobalSection
	GlobalSection(SolutionProperties) = preSolution
		HideSolutionNode = FALSE
	EndGlobalSection
EndGlobal
